version = 1
revision = 3
requires-python = ">=3.13"

[[package]]
name = "colorama"
version = "0.4.6"
source = { registry = "https://pypi.org/simple" }
sdist = { url = "https://files.pythonhosted.org/packages/d8/53/6f443c9a4a8358a93a6792e2acffb9d9d5cb0a5cfd8802644b7b1c9a02e4/colorama-0.4.6.tar.gz", hash = "sha256:08695f5cb7ed6e0531a20572697297273c47b8cae5a63ffc6d6ed5c201be6e44", size = 27697, upload-time = "2022-10-25T02:36:22.414Z" }
wheels = [
    { url = "https://files.pythonhosted.org/packages/d1/d6/3965ed04c63042e047cb6a3e6ed1a63a35087b6a609aa3a15ed8ac56c221/colorama-0.4.6-py2.py3-none-any.whl", hash = "sha256:4f1d9991f5acc0ca119f9d443620b77f9d6b33703e51011c16baf57afb285fc6", size = 25335, upload-time = "2022-10-25T02:36:20.889Z" },
]

[[package]]
name = "docopt-ng"
version = "0.9.0"
source = { registry = "https://pypi.org/simple" }
sdist = { url = "https://files.pythonhosted.org/packages/e4/50/8d6806cf13138127692ae6ff79ddeb4e25eb3b0bcc3c1bd033e7e04531a9/docopt_ng-0.9.0.tar.gz", hash = "sha256:91c6da10b5bb6f2e9e25345829fb8278c78af019f6fc40887ad49b060483b1d7", size = 32264, upload-time = "2023-05-30T20:46:25.064Z" }
wheels = [
    { url = "https://files.pythonhosted.org/packages/6c/4a/c3b77fc1a24510b08918b43a473410c0168f6e657118807015f1f1edceea/docopt_ng-0.9.0-py3-none-any.whl", hash = "sha256:bfe4c8b03f9fca424c24ee0b4ffa84bf7391cb18c29ce0f6a8227a3b01b81ff9", size = 16689, upload-time = "2023-05-30T20:46:45.294Z" },
]

[[package]]
name = "gdtoolkit"
version = "4.5.0"
source = { registry = "https://pypi.org/simple" }
dependencies = [
    { name = "docopt-ng" },
    { name = "lark", extra = ["regex"] },
    { name = "pyyaml" },
    { name = "radon" },
    { name = "setuptools" },
]
sdist = { url = "https://files.pythonhosted.org/packages/de/39/041c1705dba6450c67e23be0c70d0fcff035e7d240b6695fc59efd8dafb6/gdtoolkit-4.5.0.tar.gz", hash = "sha256:1ab17fb5400d86e4ae66d9c94992f4e3a9b6c27d618d4094782e66101efb3e9a", size = 49728, upload-time = "2025-10-09T14:23:29.145Z" }
wheels = [
    { url = "https://files.pythonhosted.org/packages/36/fe/afcf23a58b3e20897484b546d86741a7ea0d8cf57ae616c1677482b47f61/gdtoolkit-4.5.0-py3-none-any.whl", hash = "sha256:f25c5bf7f7fe861e1127164c5d73e0a7fb204ec74cf05d375b76a5dcf8610cdb", size = 62698, upload-time = "2025-10-09T14:23:28.284Z" },
]

[[package]]
name = "gmtk-2026"
version = "0.1.0"
source = { virtual = "." }
dependencies = [
    { name = "gdtoolkit" },
]

[package.metadata]
requires-dist = [{ name = "gdtoolkit", specifier = ">=4.5.0" }]

[[package]]
name = "lark"
version = "1.2.2"
source = { registry = "https://pypi.org/simple" }
sdist = { url = "https://files.pythonhosted.org/packages/af/60/bc7622aefb2aee1c0b4ba23c1446d3e30225c8770b38d7aedbfb65ca9d5a/lark-1.2.2.tar.gz", hash = "sha256:ca807d0162cd16cef15a8feecb862d7319e7a09bdb13aef927968e45040fed80", size = 252132, upload-time = "2024-08-13T19:49:00.652Z" }
wheels = [
    { url = "https://files.pythonhosted.org/packages/2d/00/d90b10b962b4277f5e64a78b6609968859ff86889f5b898c1a778c06ec00/lark-1.2.2-py3-none-any.whl", hash = "sha256:c2276486b02f0f1b90be155f2c8ba4a8e194d42775786db622faccd652d8e80c", size = 111036, upload-time = "2024-08-13T19:48:58.603Z" },
]

[package.optional-dependencies]
regex = [
    { name = "regex" },
]

[[package]]
name = "mando"
version = "0.7.1"
source = { registry = "https://pypi.org/simple" }
dependencies = [
    { name = "six" },
]
sdist = { url = "https://files.pythonhosted.org/packages/35/24/cd70d5ae6d35962be752feccb7dca80b5e0c2d450e995b16abd6275f3296/mando-0.7.1.tar.gz", hash = "sha256:18baa999b4b613faefb00eac4efadcf14f510b59b924b66e08289aa1de8c3500", size = 37868, upload-time = "2022-02-24T08:12:27.316Z" }
wheels = [
    { url = "https://files.pythonhosted.org/packages/d2/f0/834e479e47e499b6478e807fb57b31cc2db696c4db30557bb6f5aea4a90b/mando-0.7.1-py2.py3-none-any.whl", hash = "sha256:26ef1d70928b6057ee3ca12583d73c63e05c49de8972d620c278a7b206581a8a", size = 28149, upload-time = "2022-02-24T08:12:25.24Z" },
]

[[package]]
name = "pyyaml"
version = "6.0.3"
source = { registry = "https://pypi.org/simple" }
sdist = { url = "https://files.pythonhosted.org/packages/05/8e/961c0007c59b8dd7729d542c61a4d537767a59645b82a0b521206e1e25c2/pyyaml-6.0.3.tar.gz", hash = "sha256:d76623373421df22fb4cf8817020cbb7ef15c725b9d5e45f17e189bfc384190f", size = 130960, upload-time = "2025-09-25T21:33:16.546Z" }
wheels = [
    { url = "https://files.pythonhosted.org/packages/d1/11/0fd08f8192109f7169db964b5707a2f1e8b745d4e239b784a5a1dd80d1db/pyyaml-6.0.3-cp313-cp313-macosx_10_13_x86_64.whl", hash = "sha256:8da9669d359f02c0b91ccc01cac4a67f16afec0dac22c2ad09f46bee0697eba8", size = 181669, upload-time = "2025-09-25T21:32:23.673Z" },
    { url = "https://files.pythonhosted.org/packages/b1/16/95309993f1d3748cd644e02e38b75d50cbc0d9561d21f390a76242ce073f/pyyaml-6.0.3-cp313-cp313-macosx_11_0_arm64.whl", hash = "sha256:2283a07e2c21a2aa78d9c4442724ec1eb15f5e42a723b99cb3d822d48f5f7ad1", size = 173252, upload-time = "2025-09-25T21:32:25.149Z" },
    { url = "https://files.pythonhosted.org/packages/50/31/b20f376d3f810b9b2371e72ef5adb33879b25edb7a6d072cb7ca0c486398/pyyaml-6.0.3-cp313-cp313-manylinux2014_aarch64.manylinux_2_17_aarch64.manylinux_2_28_aarch64.whl", hash = "sha256:ee2922902c45ae8ccada2c5b501ab86c36525b883eff4255313a253a3160861c", size = 767081, upload-time = "2025-09-25T21:32:26.575Z" },
    { url = "https://files.pythonhosted.org/packages/49/1e/a55ca81e949270d5d4432fbbd19dfea5321eda7c41a849d443dc92fd1ff7/pyyaml-6.0.3-cp313-cp313-manylinux2014_s390x.manylinux_2_17_s390x.manylinux_2_28_s390x.whl", hash = "sha256:a33284e20b78bd4a18c8c2282d549d10bc8408a2a7ff57653c0cf0b9be0afce5", size = 841159, upload-time = "2025-09-25T21:32:27.727Z" },
    { url = "https://files.pythonhosted.org/packages/74/27/e5b8f34d02d9995b80abcef563ea1f8b56d20134d8f4e5e81733b1feceb2/pyyaml-6.0.3-cp313-cp313-manylinux2014_x86_64.manylinux_2_17_x86_64.manylinux_2_28_x86_64.whl", hash = "sha256:0f29edc409a6392443abf94b9cf89ce99889a1dd5376d94316ae5145dfedd5d6", size = 801626, upload-time = "2025-09-25T21:32:28.878Z" },
    { url = "https://files.pythonhosted.org/packages/f9/11/ba845c23988798f40e52ba45f34849aa8a1f2d4af4b798588010792ebad6/pyyaml-6.0.3-cp313-cp313-musllinux_1_2_aarch64.whl", hash = "sha256:f7057c9a337546edc7973c0d3ba84ddcdf0daa14533c2065749c9075001090e6", size = 753613, upload-time = "2025-09-25T21:32:30.178Z" },
    { url = "https://files.pythonhosted.org/packages/3d/e0/7966e1a7bfc0a45bf0a7fb6b98ea03fc9b8d84fa7f2229e9659680b69ee3/pyyaml-6.0.3-cp313-cp313-musllinux_1_2_x86_64.whl", hash = "sha256:eda16858a3cab07b80edaf74336ece1f986ba330fdb8ee0d6c0d68fe82bc96be", size = 794115, upload-time = "2025-09-25T21:32:31.353Z" },
    { url = "https://files.pythonhosted.org/packages/de/94/980b50a6531b3019e45ddeada0626d45fa85cbe22300844a7983285bed3b/pyyaml-6.0.3-cp313-cp313-win32.whl", hash = "sha256:d0eae10f8159e8fdad514efdc92d74fd8d682c933a6dd088030f3834bc8e6b26", size = 137427, upload-time = "2025-09-25T21:32:32.58Z" },
    { url = "https://files.pythonhosted.org/packages/97/c9/39d5b874e8b28845e4ec2202b5da735d0199dbe5b8fb85f91398814a9a46/pyyaml-6.0.3-cp313-cp313-win_amd64.whl", hash = "sha256:79005a0d97d5ddabfeeea4cf676af11e647e41d81c9a7722a193022accdb6b7c", size = 154090, upload-time = "2025-09-25T21:32:33.659Z" },
    { url = "https://files.pythonhosted.org/packages/73/e8/2bdf3ca2090f68bb3d75b44da7bbc71843b19c9f2b9cb9b0f4ab7a5a4329/pyyaml-6.0.3-cp313-cp313-win_arm64.whl", hash = "sha256:5498cd1645aa724a7c71c8f378eb29ebe23da2fc0d7a08071d89469bf1d2defb", size = 140246, upload-time = "2025-09-25T21:32:34.663Z" },
    { url = "https://files.pythonhosted.org/packages/9d/8c/f4bd7f6465179953d3ac9bc44ac1a8a3e6122cf8ada906b4f96c60172d43/pyyaml-6.0.3-cp314-cp314-macosx_10_13_x86_64.whl", hash = "sha256:8d1fab6bb153a416f9aeb4b8763bc0f22a5586065f86f7664fc23339fc1c1fac", size = 181814, upload-time = "2025-09-25T21:32:35.712Z" },
    { url = "https://files.pythonhosted.org/packages/bd/9c/4d95bb87eb2063d20db7b60faa3840c1b18025517ae857371c4dd55a6b3a/pyyaml-6.0.3-cp314-cp314-macosx_11_0_arm64.whl", hash = "sha256:34d5fcd24b8445fadc33f9cf348c1047101756fd760b4dacb5c3e99755703310", size = 173809, upload-time = "2025-09-25T21:32:36.789Z" },
    { url = "https://files.pythonhosted.org/packages/92/b5/47e807c2623074914e29dabd16cbbdd4bf5e9b2db9f8090fa64411fc5382/pyyaml-6.0.3-cp314-cp314-manylinux2014_aarch64.manylinux_2_17_aarch64.manylinux_2_28_aarch64.whl", hash = "sha256:501a031947e3a9025ed4405a168e6ef5ae3126c59f90ce0cd6f2bfc477be31b7", size = 766454, upload-time = "2025-09-25T21:32:37.966Z" },
    { url = "https://files.pythonhosted.org/packages/02/9e/e5e9b168be58564121efb3de6859c452fccde0ab093d8438905899a3a483/pyyaml-6.0.3-cp314-cp314-manylinux2014_s390x.manylinux_2_17_s390x.manylinux_2_28_s390x.whl", hash = "sha256:b3bc83488de33889877a0f2543ade9f70c67d66d9ebb4ac959502e12de895788", size = 836355, upload-time = "2025-09-25T21:32:39.178Z" },
    { url = "https://files.pythonhosted.org/packages/88/f9/16491d7ed2a919954993e48aa941b200f38040928474c9e85ea9e64222c3/pyyaml-6.0.3-cp314-cp314-manylinux2014_x86_64.manylinux_2_17_x86_64.manylinux_2_28_x86_64.whl", hash = "sha256:c458b6d084f9b935061bc36216e8a69a7e293a2f1e68bf956dcd9e6cbcd143f5", size = 794175, upload-time = "2025-09-25T21:32:40.865Z" },
    { url = "https://files.pythonhosted.org/packages/dd/3f/5989debef34dc6397317802b527dbbafb2b4760878a53d4166579111411e/pyyaml-6.0.3-cp314-cp314-musllinux_1_2_aarch64.whl", hash = "sha256:7c6610def4f163542a622a73fb39f534f8c101d690126992300bf3207eab9764", size = 755228, upload-time = "2025-09-25T21:32:42.084Z" },
    { url = "https://files.pythonhosted.org/packages/d7/ce/af88a49043cd2e265be63d083fc75b27b6ed062f5f9fd6cdc223ad62f03e/pyyaml-6.0.3-cp314-cp314-musllinux_1_2_x86_64.whl", hash = "sha256:5190d403f121660ce8d1d2c1bb2ef1bd05b5f68533fc5c2ea899bd15f4399b35", size = 789194, upload-time = "2025-09-25T21:32:43.362Z" },
    { url = "https://files.pythonhosted.org/packages/23/20/bb6982b26a40bb43951265ba29d4c246ef0ff59c9fdcdf0ed04e0687de4d/pyyaml-6.0.3-cp314-cp314-win_amd64.whl", hash = "sha256:4a2e8cebe2ff6ab7d1050ecd59c25d4c8bd7e6f400f5f82b96557ac0abafd0ac", size = 156429, upload-time = "2025-09-25T21:32:57.844Z" },
    { url = "https://files.pythonhosted.org/packages/f4/f4/a4541072bb9422c8a883ab55255f918fa378ecf083f5b85e87fc2b4eda1b/pyyaml-6.0.3-cp314-cp314-win_arm64.whl", hash = "sha256:93dda82c9c22deb0a405ea4dc5f2d0cda384168e466364dec6255b293923b2f3", size = 143912, upload-time = "2025-09-25T21:32:59.247Z" },
    { url = "https://files.pythonhosted.org/packages/7c/f9/07dd09ae774e4616edf6cda684ee78f97777bdd15847253637a6f052a62f/pyyaml-6.0.3-cp314-cp314t-macosx_10_13_x86_64.whl", hash = "sha256:02893d100e99e03eda1c8fd5c441d8c60103fd175728e23e431db1b589cf5ab3", size = 189108, upload-time = "2025-09-25T21:32:44.377Z" },
    { url = "https://files.pythonhosted.org/packages/4e/78/8d08c9fb7ce09ad8c38ad533c1191cf27f7ae1effe5bb9400a46d9437fcf/pyyaml-6.0.3-cp314-cp314t-macosx_11_0_arm64.whl", hash = "sha256:c1ff362665ae507275af2853520967820d9124984e0f7466736aea23d8611fba", size = 183641, upload-time = "2025-09-25T21:32:45.407Z" },
    { url = "https://files.pythonhosted.org/packages/7b/5b/3babb19104a46945cf816d047db2788bcaf8c94527a805610b0289a01c6b/pyyaml-6.0.3-cp314-cp314t-manylinux2014_aarch64.manylinux_2_17_aarch64.manylinux_2_28_aarch64.whl", hash = "sha256:6adc77889b628398debc7b65c073bcb99c4a0237b248cacaf3fe8a557563ef6c", size = 831901, upload-time = "2025-09-25T21:32:48.83Z" },
    { url = "https://files.pythonhosted.org/packages/8b/cc/dff0684d8dc44da4d22a13f35f073d558c268780ce3c6ba1b87055bb0b87/pyyaml-6.0.3-cp314-cp314t-manylinux2014_s390x.manylinux_2_17_s390x.manylinux_2_28_s390x.whl", hash = "sha256:a80cb027f6b349846a3bf6d73b5e95e782175e52f22108cfa17876aaeff93702", size = 861132, upload-time = "2025-09-25T21:32:50.149Z" },
    { url = "https://files.pythonhosted.org/packages/b1/5e/f77dc6b9036943e285ba76b49e118d9ea929885becb0a29ba8a7c75e29fe/pyyaml-6.0.3-cp314-cp314t-manylinux2014_x86_64.manylinux_2_17_x86_64.manylinux_2_28_x86_64.whl", hash = "sha256:00c4bdeba853cc34e7dd471f16b4114f4162dc03e6b7afcc2128711f0eca823c", size = 839261, upload-time = "2025-09-25T21:32:51.808Z" },
    { url = "https://files.pythonhosted.org/packages/ce/88/a9db1376aa2a228197c58b37302f284b5617f56a5d959fd1763fb1675ce6/pyyaml-6.0.3-cp314-cp314t-musllinux_1_2_aarch64.whl", hash = "sha256:66e1674c3ef6f541c35191caae2d429b967b99e02040f5ba928632d9a7f0f065", size = 805272, upload-time = "2025-09-25T21:32:52.941Z" },
    { url = "https://files.pythonhosted.org/packages/da/92/1446574745d74df0c92e6aa4a7b0b3130706a4142b2d1a5869f2eaa423c6/pyyaml-6.0.3-cp314-cp314t-musllinux_1_2_x86_64.whl", hash = "sha256:16249ee61e95f858e83976573de0f5b2893b3677ba71c9dd36b9cf8be9ac6d65", size = 829923, upload-time = "2025-09-25T21:32:54.537Z" },
    { url = "https://files.pythonhosted.org/packages/f0/7a/1c7270340330e575b92f397352af856a8c06f230aa3e76f86b39d01b416a/pyyaml-6.0.3-cp314-cp314t-win_amd64.whl", hash = "sha256:4ad1906908f2f5ae4e5a8ddfce73c320c2a1429ec52eafd27138b7f1cbe341c9", size = 174062, upload-time = "2025-09-25T21:32:55.767Z" },
    { url = "https://files.pythonhosted.org/packages/f1/12/de94a39c2ef588c7e6455cfbe7343d3b2dc9d6b6b2f40c4c6565744c873d/pyyaml-6.0.3-cp314-cp314t-win_arm64.whl", hash = "sha256:ebc55a14a21cb14062aa4162f906cd962b28e2e9ea38f9b4391244cd8de4ae0b", size = 149341, upload-time = "2025-09-25T21:32:56.828Z" },
]

[[package]]
name = "radon"
version = "6.0.1"
source = { registry = "https://pypi.org/simple" }
dependencies = [
    { name = "colorama" },
    { name = "mando" },
]
sdist = { url = "https://files.pythonhosted.org/packages/b1/6d/98e61600febf6bd929cf04154537c39dc577ce414bafbfc24a286c4fa76d/radon-6.0.1.tar.gz", hash = "sha256:d1ac0053943a893878940fedc8b19ace70386fc9c9bf0a09229a44125ebf45b5", size = 1874992, upload-time = "2023-03-26T06:24:38.868Z" }
wheels = [
    { url = "https://files.pythonhosted.org/packages/93/f7/d00d9b4a0313a6be3a3e0818e6375e15da6d7076f4ae47d1324e7ca986a1/radon-6.0.1-py2.py3-none-any.whl", hash = "sha256:632cc032364a6f8bb1010a2f6a12d0f14bc7e5ede76585ef29dc0cecf4cd8859", size = 52784, upload-time = "2023-03-26T06:24:33.949Z" },
]

[[package]]
name = "regex"
version = "2026.7.19"
source = { registry = "https://pypi.org/simple" }
sdist = { url = "https://files.pythonhosted.org/packages/20/98/04b13f1ddfb63158025291c02e03eb42fbb7acb51d091d541050eb4e35e8/regex-2026.7.19.tar.gz", hash = "sha256:7e77b324909c1617cbb4c668677e2c6ae13f44d7c1de0d4f15f2e3c10f3315b5", size = 416440, upload-time = "2026-07-19T00:19:48.923Z" }
wheels = [
    { url = "https://files.pythonhosted.org/packages/5d/3d/84165e4299ff76f3a40fe1f2abf939e976f693383a08d2beea6af62bd2c1/regex-2026.7.19-cp313-cp313-macosx_10_13_universal2.whl", hash = "sha256:f035d9dc1d25eff9d361456572231c7d27b5ccd473ca7dc0adfce732bd006d40", size = 496552, upload-time = "2026-07-19T00:17:36.808Z" },
    { url = "https://files.pythonhosted.org/packages/02/a2/a65293e6e4cf28eb7ee1be5335a5386c40d6742e9f47fafc8fec785e16c7/regex-2026.7.19-cp313-cp313-macosx_10_13_x86_64.whl", hash = "sha256:c42572142ed0b9d5d261ba727157c426510da78e20828b66bbb855098b8a4e38", size = 296983, upload-time = "2026-07-19T00:17:38.816Z" },
    { url = "https://files.pythonhosted.org/packages/95/47/2d0564e93d87bc48618360ddca232a2ca612bbdf53ce8465d45ca5ce14ee/regex-2026.7.19-cp313-cp313-macosx_11_0_arm64.whl", hash = "sha256:40b34dd88658e4fedd2fddbf0275ac970d00614b731357f425722a3ed1983d11", size = 291832, upload-time = "2026-07-19T00:17:40.726Z" },
    { url = "https://files.pythonhosted.org/packages/07/cd/42dfbabff3dfc9603c501c0e2e2c5adbb09d127b267bf5348de0af338c15/regex-2026.7.19-cp313-cp313-manylinux2014_aarch64.manylinux_2_17_aarch64.manylinux_2_28_aarch64.whl", hash = "sha256:0c41c63992bf1874cebb6e7f56fd7d3c007924659a604ae3d90e427d40d4fd13", size = 796775, upload-time = "2026-07-19T00:17:42.382Z" },
    { url = "https://files.pythonhosted.org/packages/df/5d/f6a4839f2b934e3eed5973fd07f5929ee97d4c98939fb275ea23c274ee16/regex-2026.7.19-cp313-cp313-manylinux2014_ppc64le.manylinux_2_17_ppc64le.manylinux_2_28_ppc64le.whl", hash = "sha256:1d3372064506b94dd2c67c845f2db8062e9e9ba84d04e33cb96d7d33c11fe1ae", size = 865687, upload-time = "2026-07-19T00:17:44.185Z" },
    { url = "https://files.pythonhosted.org/packages/14/b0/b47d6c36049bc59806a50bd4c86ced70bbe058d787f80281b1d7a9b0e024/regex-2026.7.19-cp313-cp313-manylinux2014_s390x.manylinux_2_17_s390x.manylinux_2_28_s390x.whl", hash = "sha256:fce7760bf283405b2c7999cab3da4e72f7deca6396013115e3f7a955db9760da", size = 911962, upload-time = "2026-07-19T00:17:46.442Z" },
    { url = "https://files.pythonhosted.org/packages/2a/be/ff61f28f9273658cfe23acbbac5217221f6519960ed401e61dfdab12bc35/regex-2026.7.19-cp313-cp313-manylinux2014_x86_64.manylinux_2_17_x86_64.manylinux_2_28_x86_64.whl", hash = "sha256:c0d702548d89d572b2929879bc883bb7a4c4709efafe4512cadee56c55c9bd15", size = 801817, upload-time = "2026-07-19T00:17:48.25Z" },
    { url = "https://files.pythonhosted.org/packages/c3/bb/8b4f7f26b333f9f79e1b453613c39bb4776f51d38ae66dd0ba31d6b354ca/regex-2026.7.19-cp313-cp313-manylinux_2_31_riscv64.manylinux_2_39_riscv64.whl", hash = "sha256:d446c6ac40bb6e05025ccee55b84d80fe9bf8e93010ffc4bb9484f13d498835f", size = 776908, upload-time = "2026-07-19T00:17:50.183Z" },
    { url = "https://files.pythonhosted.org/packages/09/13/610110fc5921d380516d03c26b652555f08aa0d23ea78a771231873c3638/regex-2026.7.19-cp313-cp313-musllinux_1_2_aarch64.whl", hash = "sha256:4c3501bfa814ab07b5580741f9bf78dfdfe146a04057f82df9e2402d2a975939", size = 784426, upload-time = "2026-07-19T00:17:52.454Z" },
    { url = "https://files.pythonhosted.org/packages/ca/f5/1ef9e2a83a5947c57ebff0b377cb5727c3d5ec1992317a320d035cd0dbb6/regex-2026.7.19-cp313-cp313-musllinux_1_2_ppc64le.whl", hash = "sha256:c4585c3e64b4f9e583b4d2683f18f5d5d872b3d71dcf24594b74ecc23602fa96", size = 860600, upload-time = "2026-07-19T00:17:54.229Z" },
    { url = "https://files.pythonhosted.org/packages/a0/02/073af33a3ec149241d11c80acea91e722aa0adbf05addd50f251c4fe89c3/regex-2026.7.19-cp313-cp313-musllinux_1_2_riscv64.whl", hash = "sha256:571fde9741eb0ccde23dd4e0c1d50fbae910e901fa7e629faf39b2dda740d220", size = 765950, upload-time = "2026-07-19T00:17:56.041Z" },
    { url = "https://files.pythonhosted.org/packages/81/a9/d1e9f819dc394a568ef370cd56cf25394e957a2235f8370f23b576e5a475/regex-2026.7.19-cp313-cp313-musllinux_1_2_s390x.whl", hash = "sha256:15b364b9b98d6d2fe1a85034c23a3180ff913f46caddc3895f6fd65186255ccc", size = 851794, upload-time = "2026-07-19T00:17:57.897Z" },
    { url = "https://files.pythonhosted.org/packages/03/3a/8ae83eda7579feacdf984e71fb9e70635fb6f832eeddca58427ec4fca926/regex-2026.7.19-cp313-cp313-musllinux_1_2_x86_64.whl", hash = "sha256:ffd8893ccc1c2fce6e0d6ca402d716fe1b29db70c7132609a05955e31b2aa8f2", size = 789845, upload-time = "2026-07-19T00:17:59.97Z" },
    { url = "https://files.pythonhosted.org/packages/4b/23/c195cbfe5a75fdec64d8f6554fd15237b837919d2c61bdc141d7c807b08b/regex-2026.7.19-cp313-cp313-win32.whl", hash = "sha256:f0fa4fa9c3632d708742baf2282f2055c11d888a790362670a403cbf48a2c404", size = 267135, upload-time = "2026-07-19T00:18:01.958Z" },
    { url = "https://files.pythonhosted.org/packages/b2/80/a11de8404b7272b70acb45c1c05987cce60b45d5693da2e176f0e390d564/regex-2026.7.19-cp313-cp313-win_amd64.whl", hash = "sha256:d51ffd3427640fa2da6ade574ceba932f210ad095f65fcc450a2b0a0d454868e", size = 277747, upload-time = "2026-07-19T00:18:04.121Z" },
    { url = "https://files.pythonhosted.org/packages/d1/29/0f5c8eff1b4f1f3d83276d365fccecf666afcc7d947420943bf394d07adb/regex-2026.7.19-cp313-cp313-win_arm64.whl", hash = "sha256:c670fe7be5b6020b76bc6e8d2196074657e1327595bca93a389e1a76ab130ad8", size = 277129, upload-time = "2026-07-19T00:18:05.821Z" },
    { url = "https://files.pythonhosted.org/packages/dc/4c/44b74742052cedda40f9ae469532a037112f7311a36669a891fba8984bb0/regex-2026.7.19-cp313-cp313t-macosx_10_13_universal2.whl", hash = "sha256:db47b561c9afd884baa1f96f797c9ca369872c4b65912bc691cfa99e68340af2", size = 501134, upload-time = "2026-07-19T00:18:07.567Z" },
    { url = "https://files.pythonhosted.org/packages/f0/45/bbd038b5e39ee5613a5a689290145b40058cc152c41de9cc23639d2b9734/regex-2026.7.19-cp313-cp313t-macosx_10_13_x86_64.whl", hash = "sha256:65dcd28d3eba2ab7c2fd906485cc301392b47cc2234790d27d4e4814e02cdfda", size = 299418, upload-time = "2026-07-19T00:18:09.38Z" },
    { url = "https://files.pythonhosted.org/packages/65/38/c5bde94b4cedfd5850d64c3f08222d8e1600e84f6ee71d9b44b4b8163f74/regex-2026.7.19-cp313-cp313t-macosx_11_0_arm64.whl", hash = "sha256:f2e7f8e2ab6c2922be02c7ec45185aa5bd771e2e57b95455ee343a44d8130dff", size = 294486, upload-time = "2026-07-19T00:18:11.188Z" },
    { url = "https://files.pythonhosted.org/packages/d7/6a/2f5e107cb26c960b781967178899daf2787a7ab151844ed3c01d6fc95474/regex-2026.7.19-cp313-cp313t-manylinux2014_aarch64.manylinux_2_17_aarch64.manylinux_2_28_aarch64.whl", hash = "sha256:fe31f28c94402043161876a258a9c6f757cb485905c7614ce8d6cd40e6b7bdc1", size = 811643, upload-time = "2026-07-19T00:18:12.975Z" },
    { url = "https://files.pythonhosted.org/packages/37/d4/a2f963406d7d73a62eed84ba05a258afb6cad1b21aa4517443ce40506b78/regex-2026.7.19-cp313-cp313t-manylinux2014_ppc64le.manylinux_2_17_ppc64le.manylinux_2_28_ppc64le.whl", hash = "sha256:f8f6fa298bb4f7f58a33334406218ba74716e68feddf5e4e54cd5d8082705abf", size = 871081, upload-time = "2026-07-19T00:18:14.733Z" },
    { url = "https://files.pythonhosted.org/packages/45/a3/44be546340bedb15f13063f5e7fe16793ea4d9ea2e805d09bd174ac27724/regex-2026.7.19-cp313-cp313t-manylinux2014_s390x.manylinux_2_17_s390x.manylinux_2_28_s390x.whl", hash = "sha256:cc1b2440423a851fad781309dd87843868f4f66a6bcd1ddb9225cf4ec2c84732", size = 917372, upload-time = "2026-07-19T00:18:16.724Z" },
    { url = "https://files.pythonhosted.org/packages/f8/f6/e0870b0fd2a40dba0074e4b76e514b21313d37946c9248453e34ec43923e/regex-2026.7.19-cp313-cp313t-manylinux2014_x86_64.manylinux_2_17_x86_64.manylinux_2_28_x86_64.whl", hash = "sha256:8ac59a0900474a52b7c04af8196affc22bd9842acb0950df12f7b813e983609a", size = 816089, upload-time = "2026-07-19T00:18:18.617Z" },
    { url = "https://files.pythonhosted.org/packages/ae/27/957e8e22690ad6634572b39b71f130a6105f4d0718bb16849eac00fff147/regex-2026.7.19-cp313-cp313t-manylinux_2_31_riscv64.manylinux_2_39_riscv64.whl", hash = "sha256:4896db1f4ce0576765b8272aa922df324e0f5b9bb2c3d03044ff32a7234a9aba", size = 785206, upload-time = "2026-07-19T00:18:20.464Z" },
    { url = "https://files.pythonhosted.org/packages/76/a4/186e410941e731037c01166069ab86da9f65e8f8110c18009ccf4bd623ee/regex-2026.7.19-cp313-cp313t-musllinux_1_2_aarch64.whl", hash = "sha256:4e6883a021db30511d9fb8cfb0f222ce1f2c369f7d4d8b0448f449a93ba0bdfc", size = 800431, upload-time = "2026-07-19T00:18:22.716Z" },
    { url = "https://files.pythonhosted.org/packages/73/9f/e4e10e023d291d64a33e246610b724493bf1ce98e0e59c9b7c837e5acfb7/regex-2026.7.19-cp313-cp313t-musllinux_1_2_ppc64le.whl", hash = "sha256:09523a592938aa9f587fb74467c63ff0cf88fc3df14c82ab0f0517dcf76aaa62", size = 864906, upload-time = "2026-07-19T00:18:24.772Z" },
    { url = "https://files.pythonhosted.org/packages/24/57/ccb20b6be5f1f52a053d1ba2a8f7a077edb9d918248b8490d7506c6832b3/regex-2026.7.19-cp313-cp313t-musllinux_1_2_riscv64.whl", hash = "sha256:1ebac3474b8589fce2f9b225b650afd61448f7c73a5d0255a10cc6366471aed1", size = 773559, upload-time = "2026-07-19T00:18:27.008Z" },
    { url = "https://files.pythonhosted.org/packages/a3/82/f3b263cf8fad927dc102891da8502e718b7ff9d19af7a2a07c03865d7188/regex-2026.7.19-cp313-cp313t-musllinux_1_2_s390x.whl", hash = "sha256:4a0530bb1b8c1c985e7e2122e2b4d3aedd8a3c21c6bfddae6767c4405668b56e", size = 857739, upload-time = "2026-07-19T00:18:29.107Z" },
    { url = "https://files.pythonhosted.org/packages/47/2e/1687bd1b6c2aed5e672ccf845fc11557821fe7366d921b50889ea5ce57bf/regex-2026.7.19-cp313-cp313t-musllinux_1_2_x86_64.whl", hash = "sha256:2ef7eeb108c47ce7bcc9513e51bcb1bf57e8f483d52fce68a8642e3527141ae0", size = 804522, upload-time = "2026-07-19T00:18:31.362Z" },
    { url = "https://files.pythonhosted.org/packages/76/7c/cc4e7655181b2d9235b704f2c5e19d8eff002bbc437bae59baee0e381aca/regex-2026.7.19-cp313-cp313t-win32.whl", hash = "sha256:64b6ca7391a1395c2638dd5c7456d67bea44fc6c5e8e92c5dc8aa6a8f23292b4", size = 269141, upload-time = "2026-07-19T00:18:33.479Z" },
    { url = "https://files.pythonhosted.org/packages/bb/14/961b4c7b05a2391c32dbc85e27773076671ef8f97f36cec70fe414734c02/regex-2026.7.19-cp313-cp313t-win_amd64.whl", hash = "sha256:f04b9f56b0e0614c0126be12c2c2d9f8850c1e57af302bd0a63bed379d4af974", size = 280036, upload-time = "2026-07-19T00:18:35.419Z" },
    { url = "https://files.pythonhosted.org/packages/ce/67/795644550d788ddbb6dc458c95895f8009978ea6d6ea76b005eb3f45e8c9/regex-2026.7.19-cp313-cp313t-win_arm64.whl", hash = "sha256:fcee38cd8e5089d6d4f048ba1233b3ad76e5954f545382180889112ff5cb712d", size = 279394, upload-time = "2026-07-19T00:18:37.454Z" },
    { url = "https://files.pythonhosted.org/packages/d2/25/0c4c452f8ef3efe456745b2f33195f5904b573fb4c2ff3f0cb9ec188461e/regex-2026.7.19-cp314-cp314-macosx_10_13_universal2.whl", hash = "sha256:a81758ed242b861b72e778ba34d41366441a2e10b16b472784c88da2dea7e2dd", size = 496750, upload-time = "2026-07-19T00:18:39.633Z" },
    { url = "https://files.pythonhosted.org/packages/24/9e/b70ca6c1704f6c7cd32a9e143c86cc5968d10981eca284bad670c245ea7d/regex-2026.7.19-cp314-cp314-macosx_10_13_x86_64.whl", hash = "sha256:4aa5435cdb3eb6f55fe98a171b05e3fbcd95fadaa4aa32acf62afd9b0cfdbcac", size = 297093, upload-time = "2026-07-19T00:18:41.583Z" },
    { url = "https://files.pythonhosted.org/packages/87/74/0b692da2520d51fbff19c88b83d97e4c702909dd02386c585998b7e2dbed/regex-2026.7.19-cp314-cp314-macosx_11_0_arm64.whl", hash = "sha256:60be8693a1dadc210bbcbc0db3e26da5f7d01d1d5a3da594e99b4fa42df404f5", size = 292043, upload-time = "2026-07-19T00:18:43.347Z" },
    { url = "https://files.pythonhosted.org/packages/e3/a7/1d478e614016045a33feae57446215f9fd65b665a5ceb2f891fb3183bc52/regex-2026.7.19-cp314-cp314-manylinux2014_aarch64.manylinux_2_17_aarch64.manylinux_2_28_aarch64.whl", hash = "sha256:d19662dbedbe783d323196312d38f5ba53cf56296378252171985da6899887d3", size = 797214, upload-time = "2026-07-19T00:18:45.362Z" },
    { url = "https://files.pythonhosted.org/packages/aa/ae/11b9c9411d92c30e3d2db32df5a31133e4a99a8fc397a604fd08f6c4bffb/regex-2026.7.19-cp314-cp314-manylinux2014_ppc64le.manylinux_2_17_ppc64le.manylinux_2_28_ppc64le.whl", hash = "sha256:d15df07081d91b76ff20d43f94592ee110330152d617b730fdbe5ef9fb680053", size = 866433, upload-time = "2026-07-19T00:18:47.315Z" },
    { url = "https://files.pythonhosted.org/packages/b1/62/2b2efc4992f91d6d204b24c647c9f9412e85379d92b7c0ab9fdae622327e/regex-2026.7.19-cp314-cp314-manylinux2014_s390x.manylinux_2_17_s390x.manylinux_2_28_s390x.whl", hash = "sha256:56ad4d9f77df871a99e25c37091052a02528ec0eb059de928ee33956b854b45b", size = 911360, upload-time = "2026-07-19T00:18:49.588Z" },
    { url = "https://files.pythonhosted.org/packages/14/71/986ceea9aa3da548bf1357cad89b63915ec6d21ec957c8113b29ece567df/regex-2026.7.19-cp314-cp314-manylinux2014_x86_64.manylinux_2_17_x86_64.manylinux_2_28_x86_64.whl", hash = "sha256:7322ec6cc9fba9d49ab888bb82d67ac5625627aa168f0165139b17018df3fb8a", size = 801275, upload-time = "2026-07-19T00:18:51.767Z" },
    { url = "https://files.pythonhosted.org/packages/15/be/ce9d9534b2cda96eab32c548261224b9b4e220a4126f098f60f42ae7b4cd/regex-2026.7.19-cp314-cp314-manylinux_2_31_riscv64.manylinux_2_39_riscv64.whl", hash = "sha256:9c7472192ebfad53a6be7c4a8bfb2d64b81c0e93a1fc8c57e1dd0b638297b5d1", size = 777131, upload-time = "2026-07-19T00:18:54.053Z" },
    { url = "https://files.pythonhosted.org/packages/61/2b/58b5c710f2c3929515a25f3a1ca0dad0dcd4518d4fff3cf23bc7adb8dcd2/regex-2026.7.19-cp314-cp314-musllinux_1_2_aarch64.whl", hash = "sha256:c10b82c2634df08dfb13b1f04e38fe310d086ee092f4f69c0c8da234251e556e", size = 785020, upload-time = "2026-07-19T00:18:56.579Z" },
    { url = "https://files.pythonhosted.org/packages/84/03/5fe091935b74f15fe0f97998c215cae418d1c0413f6258c7d4d2e83aa37f/regex-2026.7.19-cp314-cp314-musllinux_1_2_ppc64le.whl", hash = "sha256:17ed5692f6acc4183e98331101a5f9e4f64d72fe58b753da4d444a2c77d05b12", size = 861263, upload-time = "2026-07-19T00:18:58.64Z" },
    { url = "https://files.pythonhosted.org/packages/d8/fa/d60bf82e10841eef62a9e32aac401468f05fddfbcb2942e342b1ba3d2433/regex-2026.7.19-cp314-cp314-musllinux_1_2_riscv64.whl", hash = "sha256:22a992de9a0d91bda927bf02b94351d737a0302905432c88a53de7c4b9ce62e2", size = 766199, upload-time = "2026-07-19T00:19:00.705Z" },
    { url = "https://files.pythonhosted.org/packages/bf/5d/11e64d151b0662b81d6bf644c74dc118d461df85bdf2577fadbbf751788a/regex-2026.7.19-cp314-cp314-musllinux_1_2_s390x.whl", hash = "sha256:618a0aed532be87294c4477b0481f3aa0f1520f4014a4374dd4cf789b4cd2c97", size = 851317, upload-time = "2026-07-19T00:19:03.015Z" },
    { url = "https://files.pythonhosted.org/packages/7c/34/532efb87488d90807bae6a443d357ee5e2728a478c597619c8aaa17cc0bd/regex-2026.7.19-cp314-cp314-musllinux_1_2_x86_64.whl", hash = "sha256:2ce9e679f776649746729b6c86382da519ef649c8e34cc41df0d2e5e0f6c36d4", size = 789557, upload-time = "2026-07-19T00:19:05.338Z" },
    { url = "https://files.pythonhosted.org/packages/d6/90/3a8d5ca977171ec3ae21a71207d2228b2663bde14d7f7ef0e6363ecf9290/regex-2026.7.19-cp314-cp314-win32.whl", hash = "sha256:73f272fba87b8ccfe70a137d02a54af386f6d27aa509fbffdd978f5947aae1aa", size = 272531, upload-time = "2026-07-19T00:19:07.487Z" },
    { url = "https://files.pythonhosted.org/packages/96/e1/8862885e70409de70e8c005f57fb2e7be8d9ef0317250d60f4c9660a300d/regex-2026.7.19-cp314-cp314-win_amd64.whl", hash = "sha256:d721e53758b2cca74990185eb0671dd466d7a388a1a45d0c6f4c13cef41a68ac", size = 280831, upload-time = "2026-07-19T00:19:09.46Z" },
    { url = "https://files.pythonhosted.org/packages/08/82/2693e53e29f9104d9de95d37ce4dd826bd32d5f9c0085d3aa6ac042675c4/regex-2026.7.19-cp314-cp314-win_arm64.whl", hash = "sha256:65fa6cb38ed5e9c3637e68e544f598b39c3b86b808ed0627a67b68320384b459", size = 281099, upload-time = "2026-07-19T00:19:11.398Z" },
    { url = "https://files.pythonhosted.org/packages/92/b7/9a01aa16461a18cde9d7b9c3ab21e501db2ce33725f53014342b91df2b0a/regex-2026.7.19-cp314-cp314t-macosx_10_13_universal2.whl", hash = "sha256:5a2721c8720e2cb3c209925dfb9200199b4b07361c9e01d321719404b21458b3", size = 501121, upload-time = "2026-07-19T00:19:13.425Z" },
    { url = "https://files.pythonhosted.org/packages/f3/5e/bbaeca815dc9191c424c94a4fdc5c87c75748a64a6271821212ebdd4e1a3/regex-2026.7.19-cp314-cp314t-macosx_10_13_x86_64.whl", hash = "sha256:199535629f25caf89698039af3d1ad5fcae7f933e2112c73f1cdf49165c99518", size = 299415, upload-time = "2026-07-19T00:19:15.43Z" },
    { url = "https://files.pythonhosted.org/packages/cd/d6/0dd1a321afaab95eb7ff44aa0f637301786f1dc71c6b797b9ed236ed8890/regex-2026.7.19-cp314-cp314t-macosx_11_0_arm64.whl", hash = "sha256:9b60d7814174f059e5de4ab98271cc5ba9259cfea55273a81544dceea32dc8d9", size = 294483, upload-time = "2026-07-19T00:19:17.879Z" },
    { url = "https://files.pythonhosted.org/packages/92/5f/40bacf91d0904f812e13bbbab3864604c463eced8afdc54aeaa50492ea95/regex-2026.7.19-cp314-cp314t-manylinux2014_aarch64.manylinux_2_17_aarch64.manylinux_2_28_aarch64.whl", hash = "sha256:dbece16025afda5e3031af0c4059207e61dcf73ef13af844964f57f387d1c435", size = 811833, upload-time = "2026-07-19T00:19:20.102Z" },
    { url = "https://files.pythonhosted.org/packages/94/7c/4902744261f775aeede8b5627314b38482da29cf49a57b66a6fb753246c5/regex-2026.7.19-cp314-cp314t-manylinux2014_ppc64le.manylinux_2_17_ppc64le.manylinux_2_28_ppc64le.whl", hash = "sha256:d24ecb4f5e009ea0bd275ee37ad9953b32005e2e5e60f8bbae16da0dbbf0d3a0", size = 871270, upload-time = "2026-07-19T00:19:22.365Z" },
    { url = "https://files.pythonhosted.org/packages/16/70/6980c9be6bf21c0a60ed3e0aea39cf419ecf3b08d1d9947bc56e196ef186/regex-2026.7.19-cp314-cp314t-manylinux2014_s390x.manylinux_2_17_s390x.manylinux_2_28_s390x.whl", hash = "sha256:8cae6fd77a5b72dae505084b1a2ee0360139faf72fedbab667cd7cc65aae7a6a", size = 917534, upload-time = "2026-07-19T00:19:24.529Z" },
    { url = "https://files.pythonhosted.org/packages/52/92/8b2bd872782ce8c42691e39acb38eb8efe014e5ddb78ad7d943d6f197ce9/regex-2026.7.19-cp314-cp314t-manylinux2014_x86_64.manylinux_2_17_x86_64.manylinux_2_28_x86_64.whl", hash = "sha256:9724e6cb5e478cd7d8cabf027826178739cb18cf0e117d0e32814d479fa02276", size = 816135, upload-time = "2026-07-19T00:19:26.919Z" },
    { url = "https://files.pythonhosted.org/packages/de/2d/33a602f657bdc4041f17d79f92ab18261d255d91a06117a6e29df023e5e2/regex-2026.7.19-cp314-cp314t-manylinux_2_31_riscv64.manylinux_2_39_riscv64.whl", hash = "sha256:572fc57b0009c735ee56c175ea021b637a15551a312f56734277f923d6fd0f6c", size = 785492, upload-time = "2026-07-19T00:19:29.192Z" },
    { url = "https://files.pythonhosted.org/packages/9e/36/0987cf4cb271680064a70d24a475873775a151d0b7058698a006cb0cae4a/regex-2026.7.19-cp314-cp314t-musllinux_1_2_aarch64.whl", hash = "sha256:20568e182eb82d39a6bf7cff3fd58566f14c75c6f74b2c8c96537eecf9010e3a", size = 800658, upload-time = "2026-07-19T00:19:31.392Z" },
    { url = "https://files.pythonhosted.org/packages/a8/24/c14f31c135e1ba55fa4f9a58ca98d0842512bf6188230763c31c8f449e3b/regex-2026.7.19-cp314-cp314t-musllinux_1_2_ppc64le.whl", hash = "sha256:1d58561843f0ff7dc78b4c28b5e2dc388f3eff94ebc8a232a3adba961fc00009", size = 865073, upload-time = "2026-07-19T00:19:33.485Z" },
    { url = "https://files.pythonhosted.org/packages/14/85/181a12211f22469f24d2de1ebddfe397d2396e2c29013b9a58134a91069a/regex-2026.7.19-cp314-cp314t-musllinux_1_2_riscv64.whl", hash = "sha256:61bb1bd45520aacd56dd80943bd34991fb5350afdd1f36f2282230fd5154a218", size = 773684, upload-time = "2026-07-19T00:19:35.599Z" },
    { url = "https://files.pythonhosted.org/packages/23/58/bd1a0c1a62251366f8d21f41b1ea3c76994962071b8b6ea42f72d505c0f0/regex-2026.7.19-cp314-cp314t-musllinux_1_2_s390x.whl", hash = "sha256:cd3584591ea4429026cdb931b054342c2bcf189b44ff367f8d5c15bc092a2966", size = 857769, upload-time = "2026-07-19T00:19:37.738Z" },
    { url = "https://files.pythonhosted.org/packages/e4/4f/f7e2dad6756b2fe1fe75dd90a628c3b45f249d39f948dd90cd2476325417/regex-2026.7.19-cp314-cp314t-musllinux_1_2_x86_64.whl", hash = "sha256:5cc26a66e212fa5d6c6170c3a40d99d888db3020c6fdab1523250d4341382e44", size = 804546, upload-time = "2026-07-19T00:19:40.229Z" },
    { url = "https://files.pythonhosted.org/packages/2b/d7/01d31d5bdb09bc026fab77f59a371fdf8f9b292e4810546c56182ca70498/regex-2026.7.19-cp314-cp314t-win32.whl", hash = "sha256:2c4e61e2e1be56f63ec3cc618aa9e0de81ef6f43d177205451840022e24f5b78", size = 274526, upload-time = "2026-07-19T00:19:42.398Z" },
    { url = "https://files.pythonhosted.org/packages/52/0e/cea4ce73bc0a8247a0748228ae6669984c7e1f8134b6fa66e59c0572e0ea/regex-2026.7.19-cp314-cp314t-win_amd64.whl", hash = "sha256:c639ea314df70a7b2811e8020448c75af8c9445f5a60f8a4ced81c306a9380c2", size = 283763, upload-time = "2026-07-19T00:19:44.644Z" },
    { url = "https://files.pythonhosted.org/packages/6f/b6/26e41975febae63b7a6e3e02f32cff6cff2e4f10d19c929082f56aebf7c6/regex-2026.7.19-cp314-cp314t-win_arm64.whl", hash = "sha256:9a15e785f244f3e07847b984ce8773fc3da10a9f3c131cc49a4c5b4d672b4547", size = 283451, upload-time = "2026-07-19T00:19:46.639Z" },
]

[[package]]
name = "setuptools"
version = "83.0.0"
source = { registry = "https://pypi.org/simple" }
sdist = { url = "https://files.pythonhosted.org/packages/34/26/f5d29e25ffdb535afef2d35cdb55b325298f96debd670da4c325e08d70f4/setuptools-83.0.0.tar.gz", hash = "sha256:025bccbbf0fa05b6192bc64ae1e7b16e001fd6d6d4d5de03c97b1c1ade523bef", size = 1154254, upload-time = "2026-07-04T15:31:22.699Z" }
wheels = [
    { url = "https://files.pythonhosted.org/packages/5d/40/e1e72872c6354b306daef1703549e8e83b4d43cfea356311bf722a043752/setuptools-83.0.0-py3-none-any.whl", hash = "sha256:29b23c360f22f414dc7336bb39178cc7bcbf6021ed2733cde173f09dba19abb3", size = 1008090, upload-time = "2026-07-04T15:31:20.885Z" },
]

[[package]]
name = "six"
version = "1.17.0"
source = { registry = "https://pypi.org/simple" }
sdist = { url = "https://files.pythonhosted.org/packages/94/e7/b2c673351809dca68a0e064b6af791aa332cf192da575fd474ed7d6f16a2/six-1.17.0.tar.gz", hash = "sha256:ff70335d468e7eb6ec65b95b99d3a2836546063f63acc5171de367e834932a81", size = 34031, upload-time = "2024-12-04T17:35:28.174Z" }
wheels = [
    { url = "https://files.pythonhosted.org/packages/b7/ce/149a00dd41f10bc29e5921b496af8b574d8413afcd5e30dfa0ed46c2cc5e/six-1.17.0-py2.py3-none-any.whl", hash = "sha256:4721f391ed90541fddacab5acf947aa0d3dc7d27b2e1e8eda2be8970586c3274", size = 11050, upload-time = "2024-12-04T17:35:26.475Z" },
]
